// !$*UTF8*$!
{
	archiveVersion = 1;
	classes = {
	};
	objectVersion = 56;
	objects = {

/* Begin PBXBuildFile section */
		688BE2482C5B958C003720AD /* AppDelegate.swift in Sources */ = {isa = PBXBuildFile; fileRef = 688BE2472C5B958C003720AD /* AppDelegate.swift */; };
		688BE24A2C5B958C003720AD /* SceneDelegate.swift in Sources */ = {isa = PBXBuildFile; fileRef = 688BE2492C5B958C003720AD /* SceneDelegate.swift */; };
		688BE24C2C5B958C003720AD /* MainViewController.swift in Sources */ = {isa = PBXBuildFile; fileRef = 688BE24B2C5B958C003720AD /* MainViewController.swift */; };
		688BE2512C5B958E003720AD /* Assets.xcassets in Resources */ = {isa = PBXBuildFile; fileRef = 688BE2502C5B958E003720AD /* Assets.xcassets */; };
		688BE2542C5B958E003720AD /* Base in Resources */ = {isa = PBXBuildFile; fileRef = 688BE2532C5B958E003720AD /* Base */; };
		688BE25E2C5BCD34003720AD /* MainView.swift in Sources */ = {isa = PBXBuildFile; fileRef = 688BE25D2C5BCD34003720AD /* MainView.swift */; };
		688BE2602C5BCD7A003720AD /* TemplateViewModel.swift in Sources */ = {isa = PBXBuildFile; fileRef = 688BE25F2C5BCD7A003720AD /* TemplateViewModel.swift */; };
		688BE2632C5BCDB5003720AD /* TimerModel.swift in Sources */ = {isa = PBXBuildFile; fileRef = 688BE2622C5BCDB5003720AD /* TimerModel.swift */; };
		688BE2662C5BD3AF003720AD /* TemplateModel.swift in Sources */ = {isa = PBXBuildFile; fileRef = 688BE2652C5BD3AF003720AD /* TemplateModel.swift */; };
		688BE2682C5BDE24003720AD /* TemplateTableViewCell.swift in Sources */ = {isa = PBXBuildFile; fileRef = 688BE2672C5BDE24003720AD /* TemplateTableViewCell.swift */; };
		688BE26A2C5BDE6C003720AD /* Constants.swift in Sources */ = {isa = PBXBuildFile; fileRef = 688BE2692C5BDE6C003720AD /* Constants.swift */; };
		688BE26C2C5BDEC6003720AD /* UITableViewCell+Extension.swift in Sources */ = {isa = PBXBuildFile; fileRef = 688BE26B2C5BDEC6003720AD /* UITableViewCell+Extension.swift */; };
		68D8EF6E2C5EB32400075202 /* SetupTimerViewController.swift in Sources */ = {isa = PBXBuildFile; fileRef = 68D8EF6D2C5EB32400075202 /* SetupTimerViewController.swift */; };
		68D8EF712C5EB93500075202 /* SetupTimerView.swift in Sources */ = {isa = PBXBuildFile; fileRef = 68D8EF702C5EB93500075202 /* SetupTimerView.swift */; };
		68D8EF732C5EB96B00075202 /* MusicViewController.swift in Sources */ = {isa = PBXBuildFile; fileRef = 68D8EF722C5EB96B00075202 /* MusicViewController.swift */; };
		68D8EF762C5EB98500075202 /* MusicView.swift in Sources */ = {isa = PBXBuildFile; fileRef = 68D8EF752C5EB98500075202 /* MusicView.swift */; };
		68D8EF782C5EB99000075202 /* MusicViewModel.swift in Sources */ = {isa = PBXBuildFile; fileRef = 68D8EF772C5EB99000075202 /* MusicViewModel.swift */; };
		68D8EF7A2C5EB99D00075202 /* SetupTimerViewModel.swift in Sources */ = {isa = PBXBuildFile; fileRef = 68D8EF792C5EB99D00075202 /* SetupTimerViewModel.swift */; };
		68D8EF7C2C5EB9AA00075202 /* TimerViewController.swift in Sources */ = {isa = PBXBuildFile; fileRef = 68D8EF7B2C5EB9AA00075202 /* TimerViewController.swift */; };
		68D8EF7F2C5EB9BF00075202 /* TimerView.swift in Sources */ = {isa = PBXBuildFile; fileRef = 68D8EF7E2C5EB9BF00075202 /* TimerView.swift */; };
		68D8EF812C5EB9C800075202 /* TimerViewModel.swift in Sources */ = {isa = PBXBuildFile; fileRef = 68D8EF802C5EB9C800075202 /* TimerViewModel.swift */; };
		68D8EF832C5EB9DA00075202 /* DatabaseManager.swift in Sources */ = {isa = PBXBuildFile; fileRef = 68D8EF822C5EB9DA00075202 /* DatabaseManager.swift */; };
/* End PBXBuildFile section */

/* Begin PBXFileReference section */
		688BE2442C5B958C003720AD /* MusicIntervalTimer.app */ = {isa = PBXFileReference; explicitFileType = wrapper.application; includeInIndex = 0; path = MusicIntervalTimer.app; sourceTree = BUILT_PRODUCTS_DIR; };
		688BE2472C5B958C003720AD /* AppDelegate.swift */ = {isa = PBXFileReference; lastKnownFileType = sourcecode.swift; path = AppDelegate.swift; sourceTree = "<group>"; };
		688BE2492C5B958C003720AD /* SceneDelegate.swift */ = {isa = PBXFileReference; lastKnownFileType = sourcecode.swift; path = SceneDelegate.swift; sourceTree = "<group>"; };
		688BE24B2C5B958C003720AD /* MainViewController.swift */ = {isa = PBXFileReference; lastKnownFileType = sourcecode.swift; path = MainViewController.swift; sourceTree = "<group>"; };
		688BE2502C5B958E003720AD /* Assets.xcassets */ = {isa = PBXFileReference; lastKnownFileType = folder.assetcatalog; path = Assets.xcassets; sourceTree = "<group>"; };
		688BE2532C5B958E003720AD /* Base */ = {isa = PBXFileReference; lastKnownFileType = file.storyboard; name = Base; path = Base.lproj/LaunchScreen.storyboard; sourceTree = "<group>"; };
		688BE2552C5B958E003720AD /* Info.plist */ = {isa = PBXFileReference; lastKnownFileType = text.plist.xml; path = Info.plist; sourceTree = "<group>"; };
		688BE25D2C5BCD34003720AD /* MainView.swift */ = {isa = PBXFileReference; lastKnownFileType = sourcecode.swift; path = MainView.swift; sourceTree = "<group>"; };
		688BE25F2C5BCD7A003720AD /* TemplateViewModel.swift */ = {isa = PBXFileReference; lastKnownFileType = sourcecode.swift; path = TemplateViewModel.swift; sourceTree = "<group>"; };
		688BE2622C5BCDB5003720AD /* TimerModel.swift */ = {isa = PBXFileReference; lastKnownFileType = sourcecode.swift; path = TimerModel.swift; sourceTree = "<group>"; };
		688BE2652C5BD3AF003720AD /* TemplateModel.swift */ = {isa = PBXFileReference; lastKnownFileType = sourcecode.swift; path = TemplateModel.swift; sourceTree = "<group>"; };
		688BE2672C5BDE24003720AD /* TemplateTableViewCell.swift */ = {isa = PBXFileReference; lastKnownFileType = sourcecode.swift; path = TemplateTableViewCell.swift; sourceTree = "<group>"; };
		688BE2692C5BDE6C003720AD /* Constants.swift */ = {isa = PBXFileReference; lastKnownFileType = sourcecode.swift; path = Constants.swift; sourceTree = "<group>"; };
		688BE26B2C5BDEC6003720AD /* UITableViewCell+Extension.swift */ = {isa = PBXFileReference; lastKnownFileType = sourcecode.swift; path = "UITableViewCell+Extension.swift"; sourceTree = "<group>"; };
		68D8EF6D2C5EB32400075202 /* SetupTimerViewController.swift */ = {isa = PBXFileReference; lastKnownFileType = sourcecode.swift; path = SetupTimerViewController.swift; sourceTree = "<group>"; };
		68D8EF702C5EB93500075202 /* SetupTimerView.swift */ = {isa = PBXFileReference; lastKnownFileType = sourcecode.swift; path = SetupTimerView.swift; sourceTree = "<group>"; };
		68D8EF722C5EB96B00075202 /* MusicViewController.swift */ = {isa = PBXFileReference; lastKnownFileType = sourcecode.swift; path = MusicViewController.swift; sourceTree = "<group>"; };
		68D8EF752C5EB98500075202 /* MusicView.swift */ = {isa = PBXFileReference; lastKnownFileType = sourcecode.swift; path = MusicView.swift; sourceTree = "<group>"; };
		68D8EF772C5EB99000075202 /* MusicViewModel.swift */ = {isa = PBXFileReference; lastKnownFileType = sourcecode.swift; path = MusicViewModel.swift; sourceTree = "<group>"; };
		68D8EF792C5EB99D00075202 /* SetupTimerViewModel.swift */ = {isa = PBXFileReference; lastKnownFileType = sourcecode.swift; path = SetupTimerViewModel.swift; sourceTree = "<group>"; };
		68D8EF7B2C5EB9AA00075202 /* TimerViewController.swift */ = {isa = PBXFileReference; lastKnownFileType = sourcecode.swift; path = TimerViewController.swift; sourceTree = "<group>"; };
		68D8EF7E2C5EB9BF00075202 /* TimerView.swift */ = {isa = PBXFileReference; lastKnownFileType = sourcecode.swift; path = TimerView.swift; sourceTree = "<group>"; };
		68D8EF802C5EB9C800075202 /* TimerViewModel.swift */ = {isa = PBXFileReference; lastKnownFileType = sourcecode.swift; path = TimerViewModel.swift; sourceTree = "<group>"; };
		68D8EF822C5EB9DA00075202 /* DatabaseManager.swift */ = {isa = PBXFileReference; lastKnownFileType = sourcecode.swift; path = DatabaseManager.swift; sourceTree = "<group>"; };
/* End PBXFileReference section */

/* Begin PBXFrameworksBuildPhase section */
		688BE2412C5B958C003720AD /* Frameworks */ = {
			isa = PBXFrameworksBuildPhase;
			buildActionMask = 2147483647;
			files = (
			);
			runOnlyForDeploymentPostprocessing = 0;
		};
/* End PBXFrameworksBuildPhase section */

/* Begin PBXGroup section */
		688BE23B2C5B958C003720AD = {
			isa = PBXGroup;
			children = (
				688BE2462C5B958C003720AD /* MusicIntervalTimer */,
				688BE2452C5B958C003720AD /* Products */,
			);
			sourceTree = "<group>";
		};
		688BE2452C5B958C003720AD /* Products */ = {
			isa = PBXGroup;
			children = (
				688BE2442C5B958C003720AD /* MusicIntervalTimer.app */,
			);
			name = Products;
			sourceTree = "<group>";
		};
		688BE2462C5B958C003720AD /* MusicIntervalTimer */ = {
			isa = PBXGroup;
			children = (
				688BE2642C5BCE89003720AD /* Models */,
				688BE25B2C5BCC67003720AD /* Core */,
				688BE2612C5BCD8D003720AD /* MainScreen */,
				68D8EF6F2C5EB32900075202 /* SetupTimerScreen */,
				68D8EF742C5EB96F00075202 /* MusicScreen */,
				68D8EF7D2C5EB9AD00075202 /* TimerScreen */,
				688BE25C2C5BCC7F003720AD /* Appearance */,
			);
			path = MusicIntervalTimer;
			sourceTree = "<group>";
		};
		688BE25B2C5BCC67003720AD /* Core */ = {
			isa = PBXGroup;
			children = (
				688BE2472C5B958C003720AD /* AppDelegate.swift */,
				688BE2492C5B958C003720AD /* SceneDelegate.swift */,
				688BE2552C5B958E003720AD /* Info.plist */,
			);
			path = Core;
			sourceTree = "<group>";
		};
		688BE25C2C5BCC7F003720AD /* Appearance */ = {
			isa = PBXGroup;
			children = (
				688BE2502C5B958E003720AD /* Assets.xcassets */,
				688BE2522C5B958E003720AD /* LaunchScreen.storyboard */,
			);
			path = Appearance;
			sourceTree = "<group>";
		};
		688BE2612C5BCD8D003720AD /* MainScreen */ = {
			isa = PBXGroup;
			children = (
				688BE24B2C5B958C003720AD /* MainViewController.swift */,
				688BE25D2C5BCD34003720AD /* MainView.swift */,
				688BE25F2C5BCD7A003720AD /* TemplateViewModel.swift */,
				688BE2672C5BDE24003720AD /* TemplateTableViewCell.swift */,
			);
			path = MainScreen;
			sourceTree = "<group>";
		};
		688BE2642C5BCE89003720AD /* Models */ = {
			isa = PBXGroup;
			children = (
				688BE2622C5BCDB5003720AD /* TimerModel.swift */,
				688BE2652C5BD3AF003720AD /* TemplateModel.swift */,
				688BE2692C5BDE6C003720AD /* Constants.swift */,
				688BE26B2C5BDEC6003720AD /* UITableViewCell+Extension.swift */,
				68D8EF822C5EB9DA00075202 /* DatabaseManager.swift */,
			);
			path = Models;
			sourceTree = "<group>";
		};
		68D8EF6F2C5EB32900075202 /* SetupTimerScreen */ = {
			isa = PBXGroup;
			children = (
				68D8EF6D2C5EB32400075202 /* SetupTimerViewController.swift */,
				68D8EF702C5EB93500075202 /* SetupTimerView.swift */,
				68D8EF792C5EB99D00075202 /* SetupTimerViewModel.swift */,
			);
			path = SetupTimerScreen;
			sourceTree = "<group>";
		};
		68D8EF742C5EB96F00075202 /* MusicScreen */ = {
			isa = PBXGroup;
			children = (
				68D8EF722C5EB96B00075202 /* MusicViewController.swift */,
				68D8EF752C5EB98500075202 /* MusicView.swift */,
				68D8EF772C5EB99000075202 /* MusicViewModel.swift */,
			);
			path = MusicScreen;
			sourceTree = "<group>";
		};
		68D8EF7D2C5EB9AD00075202 /* TimerScreen */ = {
			isa = PBXGroup;
			children = (
				68D8EF7B2C5EB9AA00075202 /* TimerViewController.swift */,
				68D8EF7E2C5EB9BF00075202 /* TimerView.swift */,
				68D8EF802C5EB9C800075202 /* TimerViewModel.swift */,
			);
			path = TimerScreen;
			sourceTree = "<group>";
		};
/* End PBXGroup section */

/* Begin PBXNativeTarget section */
		688BE2432C5B958C003720AD /* MusicIntervalTimer */ = {
			isa = PBXNativeTarget;
			buildConfigurationList = 688BE2582C5B958E003720AD /* Build configuration list for PBXNativeTarget "MusicIntervalTimer" */;
			buildPhases = (
				688BE2402C5B958C003720AD /* Sources */,
				688BE2412C5B958C003720AD /* Frameworks */,
				688BE2422C5B958C003720AD /* Resources */,
			);
			buildRules = (
			);
			dependencies = (
			);
			name = MusicIntervalTimer;
			productName = MusicIntervalTimer;
			productReference = 688BE2442C5B958C003720AD /* MusicIntervalTimer.app */;
			productType = "com.apple.product-type.application";
		};
/* End PBXNativeTarget section */

/* Begin PBXProject section */
		688BE23C2C5B958C003720AD /* Project object */ = {
			isa = PBXProject;
			attributes = {
				BuildIndependentTargetsInParallel = 1;
				LastSwiftUpdateCheck = 1540;
				LastUpgradeCheck = 1540;
				TargetAttributes = {
					688BE2432C5B958C003720AD = {
						CreatedOnToolsVersion = 15.4;
					};
				};
			};
			buildConfigurationList = 688BE23F2C5B958C003720AD /* Build configuration list for PBXProject "MusicIntervalTimer" */;
			compatibilityVersion = "Xcode 14.0";
			developmentRegion = en;
			hasScannedForEncodings = 0;
			knownRegions = (
				en,
				Base,
			);
			mainGroup = 688BE23B2C5B958C003720AD;
			productRefGroup = 688BE2452C5B958C003720AD /* Products */;
			projectDirPath = "";
			projectRoot = "";
			targets = (
				688BE2432C5B958C003720AD /* MusicIntervalTimer */,
			);
		};
/* End PBXProject section */

/* Begin PBXResourcesBuildPhase section */
		688BE2422C5B958C003720AD /* Resources */ = {
			isa = PBXResourcesBuildPhase;
			buildActionMask = 2147483647;
			files = (
				688BE2512C5B958E003720AD /* Assets.xcassets in Resources */,
				688BE2542C5B958E003720AD /* Base in Resources */,
			);
			runOnlyForDeploymentPostprocessing = 0;
		};
/* End PBXResourcesBuildPhase section */

/* Begin PBXSourcesBuildPhase section */
		688BE2402C5B958C003720AD /* Sources */ = {
			isa = PBXSourcesBuildPhase;
			buildActionMask = 2147483647;
			files = (
				68D8EF7F2C5EB9BF00075202 /* TimerView.swift in Sources */,
				68D8EF782C5EB99000075202 /* MusicViewModel.swift in Sources */,
				688BE2662C5BD3AF003720AD /* TemplateModel.swift in Sources */,
				68D8EF7A2C5EB99D00075202 /* SetupTimerViewModel.swift in Sources */,
				688BE2602C5BCD7A003720AD /* TemplateViewModel.swift in Sources */,
				688BE24C2C5B958C003720AD /* MainViewController.swift in Sources */,
				688BE25E2C5BCD34003720AD /* MainView.swift in Sources */,
				68D8EF762C5EB98500075202 /* MusicView.swift in Sources */,
				688BE2632C5BCDB5003720AD /* TimerModel.swift in Sources */,
				688BE2682C5BDE24003720AD /* TemplateTableViewCell.swift in Sources */,
				68D8EF6E2C5EB32400075202 /* SetupTimerViewController.swift in Sources */,
				688BE2482C5B958C003720AD /* AppDelegate.swift in Sources */,
				68D8EF832C5EB9DA00075202 /* DatabaseManager.swift in Sources */,
				68D8EF812C5EB9C800075202 /* TimerViewModel.swift in Sources */,
				68D8EF712C5EB93500075202 /* SetupTimerView.swift in Sources */,
				68D8EF7C2C5EB9AA00075202 /* TimerViewController.swift in Sources */,
				68D8EF732C5EB96B00075202 /* MusicViewController.swift in Sources */,
				688BE26C2C5BDEC6003720AD /* UITableViewCell+Extension.swift in Sources */,
				688BE24A2C5B958C003720AD /* SceneDelegate.swift in Sources */,
				688BE26A2C5BDE6C003720AD /* Constants.swift in Sources */,
			);
			runOnlyForDeploymentPostprocessing = 0;
		};
/* End PBXSourcesBuildPhase section */

/* Begin PBXVariantGroup section */
		688BE2522C5B958E003720AD /* LaunchScreen.storyboard */ = {
			isa = PBXVariantGroup;
			children = (
				688BE2532C5B958E003720AD /* Base */,
			);
			name = LaunchScreen.storyboard;
			sourceTree = "<group>";
		};
/* End PBXVariantGroup section */

/* Begin XCBuildConfiguration section */
		688BE2562C5B958E003720AD /* Debug */ = {
			isa = XCBuildConfiguration;
			buildSettings = {
				ALWAYS_SEARCH_USER_PATHS = NO;
				ASSETCATALOG_COMPILER_GENERATE_SWIFT_ASSET_SYMBOL_EXTENSIONS = YES;
				CLANG_ANALYZER_NONNULL = YES;
				CLANG_ANALYZER_NUMBER_OBJECT_CONVERSION = YES_AGGRESSIVE;
				CLANG_CXX_LANGUAGE_STANDARD = "gnu++20";
				CLANG_ENABLE_MODULES = YES;
				CLANG_ENABLE_OBJC_ARC = YES;
				CLANG_ENABLE_OBJC_WEAK = YES;
				CLANG_WARN_BLOCK_CAPTURE_AUTORELEASING = YES;
				CLANG_WARN_BOOL_CONVERSION = YES;
				CLANG_WARN_COMMA = YES;
				CLANG_WARN_CONSTANT_CONVERSION = YES;
				CLANG_WARN_DEPRECATED_OBJC_IMPLEMENTATIONS = YES;
				CLANG_WARN_DIRECT_OBJC_ISA_USAGE = YES_ERROR;
				CLANG_WARN_DOCUMENTATION_COMMENTS = YES;
				CLANG_WARN_EMPTY_BODY = YES;
				CLANG_WARN_ENUM_CONVERSION = YES;
				CLANG_WARN_INFINITE_RECURSION = YES;
				CLANG_WARN_INT_CONVERSION = YES;
				CLANG_WARN_NON_LITERAL_NULL_CONVERSION = YES;
				CLANG_WARN_OBJC_IMPLICIT_RETAIN_SELF = YES;
				CLANG_WARN_OBJC_LITERAL_CONVERSION = YES;
				CLANG_WARN_OBJC_ROOT_CLASS = YES_ERROR;
				CLANG_WARN_QUOTED_INCLUDE_IN_FRAMEWORK_HEADER = YES;
				CLANG_WARN_RANGE_LOOP_ANALYSIS = YES;
				CLANG_WARN_STRICT_PROTOTYPES = YES;
				CLANG_WARN_SUSPICIOUS_MOVE = YES;
				CLANG_WARN_UNGUARDED_AVAILABILITY = YES_AGGRESSIVE;
				CLANG_WARN_UNREACHABLE_CODE = YES;
				CLANG_WARN__DUPLICATE_METHOD_MATCH = YES;
				COPY_PHASE_STRIP = NO;
				DEBUG_INFORMATION_FORMAT = dwarf;
				ENABLE_STRICT_OBJC_MSGSEND = YES;
				ENABLE_TESTABILITY = YES;
				ENABLE_USER_SCRIPT_SANDBOXING = YES;
				GCC_C_LANGUAGE_STANDARD = gnu17;
				GCC_DYNAMIC_NO_PIC = NO;
				GCC_NO_COMMON_BLOCKS = YES;
				GCC_OPTIMIZATION_LEVEL = 0;
				GCC_PREPROCESSOR_DEFINITIONS = (
					"DEBUG=1",
					"$(inherited)",
				);
				GCC_WARN_64_TO_32_BIT_CONVERSION = YES;
				GCC_WARN_ABOUT_RETURN_TYPE = YES_ERROR;
				GCC_WARN_UNDECLARED_SELECTOR = YES;
				GCC_WARN_UNINITIALIZED_AUTOS = YES_AGGRESSIVE;
				GCC_WARN_UNUSED_FUNCTION = YES;
				GCC_WARN_UNUSED_VARIABLE = YES;
				IPHONEOS_DEPLOYMENT_TARGET = 15.0;
				LOCALIZATION_PREFERS_STRING_CATALOGS = YES;
				MTL_ENABLE_DEBUG_INFO = INCLUDE_SOURCE;
				MTL_FAST_MATH = YES;
				ONLY_ACTIVE_ARCH = YES;
				SDKROOT = iphoneos;
				SWIFT_ACTIVE_COMPILATION_CONDITIONS = "DEBUG $(inherited)";
				SWIFT_OPTIMIZATION_LEVEL = "-Onone";
			};
			name = Debug;
		};
		688BE2572C5B958E003720AD /* Release */ = {
			isa = XCBuildConfiguration;
			buildSettings = {
				ALWAYS_SEARCH_USER_PATHS = NO;
				ASSETCATALOG_COMPILER_GENERATE_SWIFT_ASSET_SYMBOL_EXTENSIONS = YES;
				CLANG_ANALYZER_NONNULL = YES;
				CLANG_ANALYZER_NUMBER_OBJECT_CONVERSION = YES_AGGRESSIVE;
				CLANG_CXX_LANGUAGE_STANDARD = "gnu++20";
				CLANG_ENABLE_MODULES = YES;
				CLANG_ENABLE_OBJC_ARC = YES;
				CLANG_ENABLE_OBJC_WEAK = YES;
				CLANG_WARN_BLOCK_CAPTURE_AUTORELEASING = YES;
				CLANG_WARN_BOOL_CONVERSION = YES;
				CLANG_WARN_COMMA = YES;
				CLANG_WARN_CONSTANT_CONVERSION = YES;
				CLANG_WARN_DEPRECATED_OBJC_IMPLEMENTATIONS = YES;
				CLANG_WARN_DIRECT_OBJC_ISA_USAGE = YES_ERROR;
				CLANG_WARN_DOCUMENTATION_COMMENTS = YES;
				CLANG_WARN_EMPTY_BODY = YES;
				CLANG_WARN_ENUM_CONVERSION = YES;
				CLANG_WARN_INFINITE_RECURSION = YES;
				CLANG_WARN_INT_CONVERSION = YES;
				CLANG_WARN_NON_LITERAL_NULL_CONVERSION = YES;
				CLANG_WARN_OBJC_IMPLICIT_RETAIN_SELF = YES;
				CLANG_WARN_OBJC_LITERAL_CONVERSION = YES;
				CLANG_WARN_OBJC_ROOT_CLASS = YES_ERROR;
				CLANG_WARN_QUOTED_INCLUDE_IN_FRAMEWORK_HEADER = YES;
				CLANG_WARN_RANGE_LOOP_ANALYSIS = YES;
				CLANG_WARN_STRICT_PROTOTYPES = YES;
				CLANG_WARN_SUSPICIOUS_MOVE = YES;
				CLANG_WARN_UNGUARDED_AVAILABILITY = YES_AGGRESSIVE;
				CLANG_WARN_UNREACHABLE_CODE = YES;
				CLANG_WARN__DUPLICATE_METHOD_MATCH = YES;
				COPY_PHASE_STRIP = NO;
				DEBUG_INFORMATION_FORMAT = "dwarf-with-dsym";
				ENABLE_NS_ASSERTIONS = NO;
				ENABLE_STRICT_OBJC_MSGSEND = YES;
				ENABLE_USER_SCRIPT_SANDBOXING = YES;
				GCC_C_LANGUAGE_STANDARD = gnu17;
				GCC_NO_COMMON_BLOCKS = YES;
				GCC_WARN_64_TO_32_BIT_CONVERSION = YES;
				GCC_WARN_ABOUT_RETURN_TYPE = YES_ERROR;
				GCC_WARN_UNDECLARED_SELECTOR = YES;
				GCC_WARN_UNINITIALIZED_AUTOS = YES_AGGRESSIVE;
				GCC_WARN_UNUSED_FUNCTION = YES;
				GCC_WARN_UNUSED_VARIABLE = YES;
				IPHONEOS_DEPLOYMENT_TARGET = 15.0;
				LOCALIZATION_PREFERS_STRING_CATALOGS = YES;
				MTL_ENABLE_DEBUG_INFO = NO;
				MTL_FAST_MATH = YES;
				SDKROOT = iphoneos;
				SWIFT_COMPILATION_MODE = wholemodule;
				VALIDATE_PRODUCT = YES;
			};
			name = Release;
		};
		688BE2592C5B958E003720AD /* Debug */ = {
			isa = XCBuildConfiguration;
			buildSettings = {
				ASSETCATALOG_COMPILER_APPICON_NAME = AppIcon;
				ASSETCATALOG_COMPILER_GLOBAL_ACCENT_COLOR_NAME = AccentColor;
				CODE_SIGN_STYLE = Automatic;
				CURRENT_PROJECT_VERSION = 1;
				GENERATE_INFOPLIST_FILE = YES;
				INFOPLIST_FILE = MusicIntervalTimer/Core/Info.plist;
				INFOPLIST_KEY_UIApplicationSupportsIndirectInputEvents = YES;
				INFOPLIST_KEY_UILaunchStoryboardName = LaunchScreen;
				INFOPLIST_KEY_UISupportedInterfaceOrientations = UIInterfaceOrientationPortrait;
				INFOPLIST_KEY_UISupportedInterfaceOrientations_iPad = "UIInterfaceOrientationLandscapeLeft UIInterfaceOrientationLandscapeRight UIInterfaceOrientationPortrait UIInterfaceOrientationPortraitUpsideDown";
				IPHONEOS_DEPLOYMENT_TARGET = 15.0;
				LD_RUNPATH_SEARCH_PATHS = (
					"$(inherited)",
					"@executable_path/Frameworks",
				);
				MARKETING_VERSION = 1.0;
				PRODUCT_BUNDLE_IDENTIFIER = deluxesss.MusicIntervalTimer;
				PRODUCT_NAME = "$(TARGET_NAME)";
				SWIFT_EMIT_LOC_STRINGS = YES;
				SWIFT_VERSION = 5.0;
				TARGETED_DEVICE_FAMILY = "1,2";
			};
			name = Debug;
		};
		688BE25A2C5B958E003720AD /* Release */ = {
			isa = XCBuildConfiguration;
			buildSettings = {
				ASSETCATALOG_COMPILER_APPICON_NAME = AppIcon;
				ASSETCATALOG_COMPILER_GLOBAL_ACCENT_COLOR_NAME = AccentColor;
				CODE_SIGN_STYLE = Automatic;
				CURRENT_PROJECT_VERSION = 1;
				GENERATE_INFOPLIST_FILE = YES;
				INFOPLIST_FILE = MusicIntervalTimer/Core/Info.plist;
				INFOPLIST_KEY_UIApplicationSupportsIndirectInputEvents = YES;
				INFOPLIST_KEY_UILaunchStoryboardName = LaunchScreen;
				INFOPLIST_KEY_UISupportedInterfaceOrientations = UIInterfaceOrientationPortrait;
				INFOPLIST_KEY_UISupportedInterfaceOrientations_iPad = "UIInterfaceOrientationLandscapeLeft UIInterfaceOrientationLandscapeRight UIInterfaceOrientationPortrait UIInterfaceOrientationPortraitUpsideDown";
				IPHONEOS_DEPLOYMENT_TARGET = 15.0;
				LD_RUNPATH_SEARCH_PATHS = (
					"$(inherited)",
					"@executable_path/Frameworks",
				);
				MARKETING_VERSION = 1.0;
				PRODUCT_BUNDLE_IDENTIFIER = deluxesss.MusicIntervalTimer;
				PRODUCT_NAME = "$(TARGET_NAME)";
				SWIFT_EMIT_LOC_STRINGS = YES;
				SWIFT_VERSION = 5.0;
				TARGETED_DEVICE_FAMILY = "1,2";
			};
			name = Release;
		};
/* End XCBuildConfiguration section */

/* Begin XCConfigurationList section */
		688BE23F2C5B958C003720AD /* Build configuration list for PBXProject "MusicIntervalTimer" */ = {
			isa = XCConfigurationList;
			buildConfigurations = (
				688BE2562C5B958E003720AD /* Debug */,
				688BE2572C5B958E003720AD /* Release */,
			);
			defaultConfigurationIsVisible = 0;
			defaultConfigurationName = Release;
		};
		688BE2582C5B958E003720AD /* Build configuration list for PBXNativeTarget "MusicIntervalTimer" */ = {
			isa = XCConfigurationList;
			buildConfigurations = (
				688BE2592C5B958E003720AD /* Debug */,
				688BE25A2C5B958E003720AD /* Release */,
			);
			defaultConfigurationIsVisible = 0;
			defaultConfigurationName = Release;
		};
/* End XCConfigurationList section */
	};
	rootObject = 688BE23C2C5B958C003720AD /* Project object */;
}
